
Microsoft Visual Studio Solution File, Format Version 12.00
# Visual Studio Version 16
VisualStudioVersion = 16.0.30523.141
MinimumVisualStudioVersion = 10.0.40219.1
Project("{FAE04EC0-301F-11D3-BF4B-00C04F79EFBC}") = "查题宝", "查题宝.csproj", "{F2075A7F-B340-47EB-8886-882985B2C356}"
EndProject
Global
	GlobalSection(SolutionConfigurationPlatforms) = preSolution
		Debug|Any CPU = Debug|Any CPU
		Release|Any CPU = Release|Any CPU
	EndGlobalSection
	GlobalSection(ProjectConfigurationPlatforms) = postSolution
		{F2075A7F-B340-47EB-8886-882985B2C356}.Debug|Any CPU.ActiveCfg = Debug|Any CPU
		{F2075A7F-B340-47EB-8886-882985B2C356}.Debug|Any CPU.Build.0 = Debug|Any CPU
		{F2075A7F-B340-47EB-8886-882985B2C356}.Release|Any CPU.ActiveCfg = Release|Any CPU
		{F2075A7F-B340-47EB-8886-882985B2C356}.Release|Any CPU.Build.0 = Release|Any CPU
	EndGlobalSection
	GlobalSection(SolutionProperties) = preSolution
		HideSolutionNode = FALSE
	EndGlobalSection
	GlobalSection(ExtensibilityGlobals) = postSolution
		SolutionGuid = {991F8B95-081B-4F9A-8671-A97BB9F8A92F}
	EndGlobalSection
EndGlobal
